
Microsoft Visual Studio Solution File, Format Version 12.00
# Visual Studio Version 17
VisualStudioVersion = 17.9.34902.65
MinimumVisualStudioVersion = 10.0.40219.1
Project("{FAE04EC0-301F-11D3-BF4B-00C04F79EFBC}") = "BelgiumCafeteria", "BelgiumCafeteria\BelgiumCafeteria.csproj", "{D95D44BA-7CFB-4A02-B844-E2D64F5E9D04}"
EndProject
Global
	GlobalSection(SolutionConfigurationPlatforms) = preSolution
		Debug|Any CPU = Debug|Any CPU
		Release|Any CPU = Release|Any CPU
	EndGlobalSection
	GlobalSection(ProjectConfigurationPlatforms) = postSolution
		{D95D44BA-7CFB-4A02-B844-E2D64F5E9D04}.Debug|Any CPU.ActiveCfg = Debug|Any CPU
		{D95D44BA-7CFB-4A02-B844-E2D64F5E9D04}.Debug|Any CPU.Build.0 = Debug|Any CPU
		{D95D44BA-7CFB-4A02-B844-E2D64F5E9D04}.Release|Any CPU.ActiveCfg = Release|Any CPU
		{D95D44BA-7CFB-4A02-B844-E2D64F5E9D04}.Release|Any CPU.Build.0 = Release|Any CPU
	EndGlobalSection
	GlobalSection(SolutionProperties) = preSolution
		HideSolutionNode = FALSE
	EndGlobalSection
	GlobalSection(ExtensibilityGlobals) = postSolution
		SolutionGuid = {B69F333A-4D07-4AE1-A285-AEC42DE2AF7E}
	EndGlobalSection
EndGlobal
